
Microsoft Visual Studio Solution File, Format Version 12.00
# Visual Studio Version 17
VisualStudioVersion = 17.14.37111.16 d17.14
MinimumVisualStudioVersion = 10.0.40219.1
Project("{FAE04EC0-301F-11D3-BF4B-00C04F79EFBC}") = "Store.Api", "Store.Api.csproj", "{B9283CA9-2843-451E-AFA3-7F221B3DFB03}"
EndProject
Project("{FAE04EC0-301F-11D3-BF4B-00C04F79EFBC}") = "Store.infrastructure", "..\..\..\Desktop\Store\Store.infrastructure\Store.infrastructure.csproj", "{4E4D6CE7-785F-4C47-9E6F-9BD00CC10595}"
EndProject
Project("{FAE04EC0-301F-11D3-BF4B-00C04F79EFBC}") = "Store.Application", "..\..\..\Desktop\Store\Store.Application\Store.Application.csproj", "{495CDAF4-455D-42E9-88C3-87576B1F330D}"
EndProject
Project("{FAE04EC0-301F-11D3-BF4B-00C04F79EFBC}") = "Store.Core", "..\..\..\Desktop\Store\Store.Core\Store.Core.csproj", "{16C00810-2309-4CB6-8E1C-3C978DD112E8}"
EndProject
Global
	GlobalSection(SolutionConfigurationPlatforms) = preSolution
		Debug|Any CPU = Debug|Any CPU
		Release|Any CPU = Release|Any CPU
	EndGlobalSection
	GlobalSection(ProjectConfigurationPlatforms) = postSolution
		{B9283CA9-2843-451E-AFA3-7F221B3DFB03}.Debug|Any CPU.ActiveCfg = Debug|Any CPU
		{B9283CA9-2843-451E-AFA3-7F221B3DFB03}.Debug|Any CPU.Build.0 = Debug|Any CPU
		{B9283CA9-2843-451E-AFA3-7F221B3DFB03}.Release|Any CPU.ActiveCfg = Release|Any CPU
		{B9283CA9-2843-451E-AFA3-7F221B3DFB03}.Release|Any CPU.Build.0 = Release|Any CPU
		{4E4D6CE7-785F-4C47-9E6F-9BD00CC10595}.Debug|Any CPU.ActiveCfg = Debug|Any CPU
		{4E4D6CE7-785F-4C47-9E6F-9BD00CC10595}.Debug|Any CPU.Build.0 = Debug|Any CPU
		{4E4D6CE7-785F-4C47-9E6F-9BD00CC10595}.Release|Any CPU.ActiveCfg = Release|Any CPU
		{4E4D6CE7-785F-4C47-9E6F-9BD00CC10595}.Release|Any CPU.Build.0 = Release|Any CPU
		{495CDAF4-455D-42E9-88C3-87576B1F330D}.Debug|Any CPU.ActiveCfg = Debug|Any CPU
		{495CDAF4-455D-42E9-88C3-87576B1F330D}.Debug|Any CPU.Build.0 = Debug|Any CPU
		{495CDAF4-455D-42E9-88C3-87576B1F330D}.Release|Any CPU.ActiveCfg = Release|Any CPU
		{495CDAF4-455D-42E9-88C3-87576B1F330D}.Release|Any CPU.Build.0 = Release|Any CPU
		{16C00810-2309-4CB6-8E1C-3C978DD112E8}.Debug|Any CPU.ActiveCfg = Debug|Any CPU
		{16C00810-2309-4CB6-8E1C-3C978DD112E8}.Debug|Any CPU.Build.0 = Debug|Any CPU
		{16C00810-2309-4CB6-8E1C-3C978DD112E8}.Release|Any CPU.ActiveCfg = Release|Any CPU
		{16C00810-2309-4CB6-8E1C-3C978DD112E8}.Release|Any CPU.Build.0 = Release|Any CPU
	EndGlobalSection
	GlobalSection(SolutionProperties) = preSolution
		HideSolutionNode = FALSE
	EndGlobalSection
	GlobalSection(ExtensibilityGlobals) = postSolution
		SolutionGuid = {C92CB9F9-570C-41B0-9136-ECCFAAF14BBD}
	EndGlobalSection
EndGlobal
